
Microsoft Visual Studio Solution File, Format Version 12.00
# Visual Studio Version 16
VisualStudioVersion = 25.0.1704.3
MinimumVisualStudioVersion = 10.0.40219.1
Project("{FAE04EC0-301F-11D3-BF4B-00C04F79EFBC}") = "StacksAndQueues", "StacksAndQueues\StacksAndQueues.csproj", "{32DE1084-DF78-416F-89BA-98739A4778DC}"
EndProject
Global
	GlobalSection(SolutionConfigurationPlatforms) = preSolution
		Debug|Any CPU = Debug|Any CPU
		Release|Any CPU = Release|Any CPU
	EndGlobalSection
	GlobalSection(ProjectConfigurationPlatforms) = postSolution
		{32DE1084-DF78-416F-89BA-98739A4778DC}.Debug|Any CPU.ActiveCfg = Debug|Any CPU
		{32DE1084-DF78-416F-89BA-98739A4778DC}.Debug|Any CPU.Build.0 = Debug|Any CPU
		{32DE1084-DF78-416F-89BA-98739A4778DC}.Release|Any CPU.ActiveCfg = Release|Any CPU
		{32DE1084-DF78-416F-89BA-98739A4778DC}.Release|Any CPU.Build.0 = Release|Any CPU
	EndGlobalSection
	GlobalSection(SolutionProperties) = preSolution
		HideSolutionNode = FALSE
	EndGlobalSection
	GlobalSection(ExtensibilityGlobals) = postSolution
		SolutionGuid = {8F1716E4-CA8F-4910-A42E-7C72421E818C}
	EndGlobalSection
EndGlobal
